
Microsoft Visual Studio Solution File, Format Version 12.00
# Visual Studio Version 16
VisualStudioVersion = 16.0.31613.86
MinimumVisualStudioVersion = 10.0.40219.1
Project("{888888A0-9F3D-457C-B088-3A5042F75D52}") = "GUI1", "GUI1.pyproj", "{3278AFF2-9197-4078-B0D2-7E053F19125B}"
EndProject
Global
	GlobalSection(SolutionConfigurationPlatforms) = preSolution
		Debug|Any CPU = Debug|Any CPU
		Release|Any CPU = Release|Any CPU
	EndGlobalSection
	GlobalSection(ProjectConfigurationPlatforms) = postSolution
		{3278AFF2-9197-4078-B0D2-7E053F19125B}.Debug|Any CPU.ActiveCfg = Debug|Any CPU
		{3278AFF2-9197-4078-B0D2-7E053F19125B}.Release|Any CPU.ActiveCfg = Release|Any CPU
	EndGlobalSection
	GlobalSection(SolutionProperties) = preSolution
		HideSolutionNode = FALSE
	EndGlobalSection
	GlobalSection(ExtensibilityGlobals) = postSolution
		SolutionGuid = {78C9D9A5-11E2-4A4D-8C36-3FCEF46DF997}
	EndGlobalSection
EndGlobal
